lockfileVersion: '9.0'

settings:
  autoInstallPeers: true
  excludeLinksFromLockfile: false

importers:

  .:
    dependencies:
      tailwind-merge:
        specifier: ^3.1.0
        version: 3.1.0
      tailwind-variants:
        specifier: ^1.0.0
        version: 1.0.0(tailwindcss@4.1.2)

packages:

  tailwind-merge@3.0.2:
    resolution: {integrity: sha512-l7z+OYZ7mu3DTqrL88RiKrKIqO3NcpEO8V/Od04bNpvk0kiIFndGEoqfuzvj4yuhRkHKjRkII2z+KS2HfPcSxw==}

  tailwind-merge@3.1.0:
    resolution: {integrity: sha512-aV27Oj8B7U/tAOMhJsSGdWqelfmudnGMdXIlMnk1JfsjwSjts6o8HyfN7SFH3EztzH4YH8kk6GbLTHzITJO39Q==}

  tailwind-variants@1.0.0:
    resolution: {integrity: sha512-2WSbv4ulEEyuBKomOunut65D8UZwxrHoRfYnxGcQNnHqlSCp2+B7Yz2W+yrNDrxRodOXtGD/1oCcKGNBnUqMqA==}
    engines: {node: '>=16.x', pnpm: '>=7.x'}
    peerDependencies:
      tailwindcss: '*'

  tailwindcss@4.1.2:
    resolution: {integrity: sha512-VCsK+fitIbQF7JlxXaibFhxrPq4E2hDcG8apzHUdWFMCQWD8uLdlHg4iSkZ53cgLCCcZ+FZK7vG8VjvLcnBgKw==}

snapshots:

  tailwind-merge@3.0.2: {}

  tailwind-merge@3.1.0: {}

  tailwind-variants@1.0.0(tailwindcss@4.1.2):
    dependencies:
      tailwind-merge: 3.0.2
      tailwindcss: 4.1.2

  tailwindcss@4.1.2: {}
